
Microsoft Visual Studio Solution File, Format Version 12.00
# Visual Studio Version 16
VisualStudioVersion = 16.0.29209.62
MinimumVisualStudioVersion = 10.0.40219.1
Project("{FAE04EC0-301F-11D3-BF4B-00C04F79EFBC}") = "HelloWorld", "HelloWorld\HelloWorld.csproj", "{C9346F4B-8CA5-41C9-9834-9A7D34D4272D}"
EndProject
Global
	GlobalSection(SolutionConfigurationPlatforms) = preSolution
		Debug|Any CPU = Debug|Any CPU
		Release|Any CPU = Release|Any CPU
	EndGlobalSection
	GlobalSection(ProjectConfigurationPlatforms) = postSolution
		{C9346F4B-8CA5-41C9-9834-9A7D34D4272D}.Debug|Any CPU.ActiveCfg = Debug|Any CPU
		{C9346F4B-8CA5-41C9-9834-9A7D34D4272D}.Debug|Any CPU.Build.0 = Debug|Any CPU
		{C9346F4B-8CA5-41C9-9834-9A7D34D4272D}.Release|Any CPU.ActiveCfg = Release|Any CPU
		{C9346F4B-8CA5-41C9-9834-9A7D34D4272D}.Release|Any CPU.Build.0 = Release|Any CPU
	EndGlobalSection
	GlobalSection(SolutionProperties) = preSolution
		HideSolutionNode = FALSE
	EndGlobalSection
	GlobalSection(ExtensibilityGlobals) = postSolution
		SolutionGuid = {30637517-15E7-4279-9CD4-8E5CA5D119B5}
	EndGlobalSection
EndGlobal
