
Microsoft Visual Studio Solution File, Format Version 12.00
# Visual Studio Version 16
VisualStudioVersion = 16.0.29209.62
MinimumVisualStudioVersion = 10.0.40219.1
Project("{FAE04EC0-301F-11D3-BF4B-00C04F79EFBC}") = "CompoundInterest", "CompoundInterest\CompoundInterest.csproj", "{1D39B415-2110-40B0-BB88-CBDF6A6D4CB4}"
EndProject
Global
	GlobalSection(SolutionConfigurationPlatforms) = preSolution
		Debug|Any CPU = Debug|Any CPU
		Release|Any CPU = Release|Any CPU
	EndGlobalSection
	GlobalSection(ProjectConfigurationPlatforms) = postSolution
		{1D39B415-2110-40B0-BB88-CBDF6A6D4CB4}.Debug|Any CPU.ActiveCfg = Debug|Any CPU
		{1D39B415-2110-40B0-BB88-CBDF6A6D4CB4}.Debug|Any CPU.Build.0 = Debug|Any CPU
		{1D39B415-2110-40B0-BB88-CBDF6A6D4CB4}.Release|Any CPU.ActiveCfg = Release|Any CPU
		{1D39B415-2110-40B0-BB88-CBDF6A6D4CB4}.Release|Any CPU.Build.0 = Release|Any CPU
	EndGlobalSection
	GlobalSection(SolutionProperties) = preSolution
		HideSolutionNode = FALSE
	EndGlobalSection
	GlobalSection(ExtensibilityGlobals) = postSolution
		SolutionGuid = {997CE763-7823-47F0-AB20-8F385CDE7ECA}
	EndGlobalSection
EndGlobal
