
Microsoft Visual Studio Solution File, Format Version 12.00
# Visual Studio Version 16
VisualStudioVersion = 16.0.29209.62
MinimumVisualStudioVersion = 10.0.40219.1
Project("{FAE04EC0-301F-11D3-BF4B-00C04F79EFBC}") = "SumOfFirstOdds", "SumOfFirstOdds\SumOfFirstOdds.csproj", "{A01AC83B-A980-4031-BEC9-C3D096B8A9D9}"
EndProject
Global
	GlobalSection(SolutionConfigurationPlatforms) = preSolution
		Debug|Any CPU = Debug|Any CPU
		Release|Any CPU = Release|Any CPU
	EndGlobalSection
	GlobalSection(ProjectConfigurationPlatforms) = postSolution
		{A01AC83B-A980-4031-BEC9-C3D096B8A9D9}.Debug|Any CPU.ActiveCfg = Debug|Any CPU
		{A01AC83B-A980-4031-BEC9-C3D096B8A9D9}.Debug|Any CPU.Build.0 = Debug|Any CPU
		{A01AC83B-A980-4031-BEC9-C3D096B8A9D9}.Release|Any CPU.ActiveCfg = Release|Any CPU
		{A01AC83B-A980-4031-BEC9-C3D096B8A9D9}.Release|Any CPU.Build.0 = Release|Any CPU
	EndGlobalSection
	GlobalSection(SolutionProperties) = preSolution
		HideSolutionNode = FALSE
	EndGlobalSection
	GlobalSection(ExtensibilityGlobals) = postSolution
		SolutionGuid = {D4B336B6-D5FD-4D38-87D1-7D87A1E0FAF0}
	EndGlobalSection
EndGlobal
