
Microsoft Visual Studio Solution File, Format Version 12.00
# Visual Studio Version 16
VisualStudioVersion = 16.0.29209.62
MinimumVisualStudioVersion = 10.0.40219.1
Project("{FAE04EC0-301F-11D3-BF4B-00C04F79EFBC}") = "Question2ptC", "Question2ptC\Question2ptC.csproj", "{852970F4-3F6E-4475-96A9-E9D95A8AE959}"
EndProject
Global
	GlobalSection(SolutionConfigurationPlatforms) = preSolution
		Debug|Any CPU = Debug|Any CPU
		Release|Any CPU = Release|Any CPU
	EndGlobalSection
	GlobalSection(ProjectConfigurationPlatforms) = postSolution
		{852970F4-3F6E-4475-96A9-E9D95A8AE959}.Debug|Any CPU.ActiveCfg = Debug|Any CPU
		{852970F4-3F6E-4475-96A9-E9D95A8AE959}.Debug|Any CPU.Build.0 = Debug|Any CPU
		{852970F4-3F6E-4475-96A9-E9D95A8AE959}.Release|Any CPU.ActiveCfg = Release|Any CPU
		{852970F4-3F6E-4475-96A9-E9D95A8AE959}.Release|Any CPU.Build.0 = Release|Any CPU
	EndGlobalSection
	GlobalSection(SolutionProperties) = preSolution
		HideSolutionNode = FALSE
	EndGlobalSection
	GlobalSection(ExtensibilityGlobals) = postSolution
		SolutionGuid = {ED4DA9D1-B0A5-4556-8E52-3697A9032264}
	EndGlobalSection
EndGlobal
