
Microsoft Visual Studio Solution File, Format Version 12.00
# Visual Studio Version 16
VisualStudioVersion = 16.0.29209.62
MinimumVisualStudioVersion = 10.0.40219.1
Project("{FAE04EC0-301F-11D3-BF4B-00C04F79EFBC}") = "Hypotenuse", "Hypotenuse\Hypotenuse.csproj", "{97D67C03-490E-4E7B-B967-46B29AF5B823}"
EndProject
Global
	GlobalSection(SolutionConfigurationPlatforms) = preSolution
		Debug|Any CPU = Debug|Any CPU
		Release|Any CPU = Release|Any CPU
	EndGlobalSection
	GlobalSection(ProjectConfigurationPlatforms) = postSolution
		{97D67C03-490E-4E7B-B967-46B29AF5B823}.Debug|Any CPU.ActiveCfg = Debug|Any CPU
		{97D67C03-490E-4E7B-B967-46B29AF5B823}.Debug|Any CPU.Build.0 = Debug|Any CPU
		{97D67C03-490E-4E7B-B967-46B29AF5B823}.Release|Any CPU.ActiveCfg = Release|Any CPU
		{97D67C03-490E-4E7B-B967-46B29AF5B823}.Release|Any CPU.Build.0 = Release|Any CPU
	EndGlobalSection
	GlobalSection(SolutionProperties) = preSolution
		HideSolutionNode = FALSE
	EndGlobalSection
	GlobalSection(ExtensibilityGlobals) = postSolution
		SolutionGuid = {7E5143B0-3980-43FC-A6DB-84F16CC9C544}
	EndGlobalSection
EndGlobal
